Microsoft Visual Studio Solution File, Format Version 11.00
# Visual Studio 2008

Project("{A708A90A-7FF9-6B20-3467-5864CC934485}") = "Unity-SandWaveTheme", "Assembly-CSharp.csproj", "{10E2DF4D-F55F-887F-E004-BBF7E4CB6428}"
EndProject
Global
	GlobalSection(SolutionConfigurationPlatforms) = preSolution
		Debug|Any CPU = Debug|Any CPU
		Release|Any CPU = Release|Any CPU
	EndGlobalSection
	GlobalSection(ProjectConfigurationPlatforms) = postSolution
		{10E2DF4D-F55F-887F-E004-BBF7E4CB6428}.Debug|Any CPU.ActiveCfg = Debug|Any CPU
		{10E2DF4D-F55F-887F-E004-BBF7E4CB6428}.Debug|Any CPU.Build.0 = Debug|Any CPU
		{10E2DF4D-F55F-887F-E004-BBF7E4CB6428}.Release|Any CPU.ActiveCfg = Release|Any CPU
		{10E2DF4D-F55F-887F-E004-BBF7E4CB6428}.Release|Any CPU.Build.0 = Release|Any CPU
	EndGlobalSection
	GlobalSection(SolutionProperties) = preSolution
		HideSolutionNode = FALSE
	EndGlobalSection
	GlobalSection(MonoDevelopProperties) = preSolution
		StartupItem = Assembly-CSharp.csproj
	EndGlobalSection
EndGlobal
